
Microsoft Visual Studio Solution File, Format Version 12.00
# Visual Studio 15
VisualStudioVersion = 15.0.28010.2036
MinimumVisualStudioVersion = 10.0.40219.1
Project("{FAE04EC0-301F-11D3-BF4B-00C04F79EFBC}") = "SmartCareOficial", "SmartCareOficial\SmartCareOficial.csproj", "{E7DC837D-2FB3-4AEE-BB76-6E7DF2416C1E}"
EndProject
Global
	GlobalSection(SolutionConfigurationPlatforms) = preSolution
		Debug|Any CPU = Debug|Any CPU
		Release|Any CPU = Release|Any CPU
	EndGlobalSection
	GlobalSection(ProjectConfigurationPlatforms) = postSolution
		{E7DC837D-2FB3-4AEE-BB76-6E7DF2416C1E}.Debug|Any CPU.ActiveCfg = Debug|Any CPU
		{E7DC837D-2FB3-4AEE-BB76-6E7DF2416C1E}.Debug|Any CPU.Build.0 = Debug|Any CPU
		{E7DC837D-2FB3-4AEE-BB76-6E7DF2416C1E}.Release|Any CPU.ActiveCfg = Release|Any CPU
		{E7DC837D-2FB3-4AEE-BB76-6E7DF2416C1E}.Release|Any CPU.Build.0 = Release|Any CPU
	EndGlobalSection
	GlobalSection(SolutionProperties) = preSolution
		HideSolutionNode = FALSE
	EndGlobalSection
	GlobalSection(ExtensibilityGlobals) = postSolution
		SolutionGuid = {283CCAEC-81EE-4F0C-9A91-7A6AF3CD702A}
	EndGlobalSection
EndGlobal
